
Microsoft Visual Studio Solution File, Format Version 12.00
# Visual Studio Version 17
VisualStudioVersion = 17.14.36301.6
MinimumVisualStudioVersion = 10.0.40219.1
Project("{FAE04EC0-301F-11D3-BF4B-00C04F79EFBC}") = "FindTargetMatch", "FindTargetMatch\FindTargetMatch.csproj", "{DB733639-9C9C-46CE-A380-B7467F3A32B4}"
EndProject
Project("{FAE04EC0-301F-11D3-BF4B-00C04F79EFBC}") = "IoC_Container", "IoC_Container\IoC_Container.csproj", "{EC81A5D1-350A-4A04-8120-728DB82E2FEA}"
EndProject
Global
	GlobalSection(SolutionConfigurationPlatforms) = preSolution
		Debug|Any CPU = Debug|Any CPU
		Release|Any CPU = Release|Any CPU
	EndGlobalSection
	GlobalSection(ProjectConfigurationPlatforms) = postSolution
		{DB733639-9C9C-46CE-A380-B7467F3A32B4}.Debug|Any CPU.ActiveCfg = Debug|Any CPU
		{DB733639-9C9C-46CE-A380-B7467F3A32B4}.Debug|Any CPU.Build.0 = Debug|Any CPU
		{DB733639-9C9C-46CE-A380-B7467F3A32B4}.Release|Any CPU.ActiveCfg = Release|Any CPU
		{DB733639-9C9C-46CE-A380-B7467F3A32B4}.Release|Any CPU.Build.0 = Release|Any CPU
		{EC81A5D1-350A-4A04-8120-728DB82E2FEA}.Debug|Any CPU.ActiveCfg = Debug|Any CPU
		{EC81A5D1-350A-4A04-8120-728DB82E2FEA}.Debug|Any CPU.Build.0 = Debug|Any CPU
		{EC81A5D1-350A-4A04-8120-728DB82E2FEA}.Release|Any CPU.ActiveCfg = Release|Any CPU
		{EC81A5D1-350A-4A04-8120-728DB82E2FEA}.Release|Any CPU.Build.0 = Release|Any CPU
	EndGlobalSection
	GlobalSection(SolutionProperties) = preSolution
		HideSolutionNode = FALSE
	EndGlobalSection
	GlobalSection(ExtensibilityGlobals) = postSolution
		SolutionGuid = {E56A24D7-2FBF-4C94-8D36-B060472E23CB}
	EndGlobalSection
EndGlobal
